
Microsoft Visual Studio Solution File, Format Version 12.00
# Visual Studio 15
VisualStudioVersion = 15.0.27703.2035
MinimumVisualStudioVersion = 10.0.40219.1
Project("{FAE04EC0-301F-11D3-BF4B-00C04F79EFBC}") = "PayrollGui", "PayrollGui\PayrollGui.csproj", "{9531BA55-5598-4837-8AEB-429F23803850}"
EndProject
Global
	GlobalSection(SolutionConfigurationPlatforms) = preSolution
		Debug|Any CPU = Debug|Any CPU
		Release|Any CPU = Release|Any CPU
	EndGlobalSection
	GlobalSection(ProjectConfigurationPlatforms) = postSolution
		{9531BA55-5598-4837-8AEB-429F23803850}.Debug|Any CPU.ActiveCfg = Debug|Any CPU
		{9531BA55-5598-4837-8AEB-429F23803850}.Debug|Any CPU.Build.0 = Debug|Any CPU
		{9531BA55-5598-4837-8AEB-429F23803850}.Release|Any CPU.ActiveCfg = Release|Any CPU
		{9531BA55-5598-4837-8AEB-429F23803850}.Release|Any CPU.Build.0 = Release|Any CPU
	EndGlobalSection
	GlobalSection(SolutionProperties) = preSolution
		HideSolutionNode = FALSE
	EndGlobalSection
	GlobalSection(ExtensibilityGlobals) = postSolution
		SolutionGuid = {E0301209-8E25-4DA7-99B7-7248386744AF}
	EndGlobalSection
EndGlobal
